// !$*UTF8*$!
{
	archiveVersion = 1;
	classes = {
	};
	objectVersion = 55;
	objects = {

/* Begin PBXBuildFile section */
		07630EDA286CCEA5003FEE31 /* PromptTableViewController.swift in Sources */ = {isa = PBXBuildFile; fileRef = 07630ED9286CCEA5003FEE31 /* PromptTableViewController.swift */; };
		17A679A0286B8E22007C3E82 /* AppDelegate.swift in Sources */ = {isa = PBXBuildFile; fileRef = 17A6799F286B8E22007C3E82 /* AppDelegate.swift */; };
		17A679A2286B8E22007C3E82 /* SceneDelegate.swift in Sources */ = {isa = PBXBuildFile; fileRef = 17A679A1286B8E22007C3E82 /* SceneDelegate.swift */; };
		17A679A4286B8E22007C3E82 /* ViewController.swift in Sources */ = {isa = PBXBuildFile; fileRef = 17A679A3286B8E22007C3E82 /* ViewController.swift */; };
		17A679A7286B8E22007C3E82 /* Main.storyboard in Resources */ = {isa = PBXBuildFile; fileRef = 17A679A5286B8E22007C3E82 /* Main.storyboard */; };
		17A679AA286B8E22007C3E82 /* yourRock.xcdatamodeld in Sources */ = {isa = PBXBuildFile; fileRef = 17A679A8286B8E22007C3E82 /* yourRock.xcdatamodeld */; };
		17A679AC286B8E28007C3E82 /* Assets.xcassets in Resources */ = {isa = PBXBuildFile; fileRef = 17A679AB286B8E28007C3E82 /* Assets.xcassets */; };
		17A679AF286B8E28007C3E82 /* LaunchScreen.storyboard in Resources */ = {isa = PBXBuildFile; fileRef = 17A679AD286B8E28007C3E82 /* LaunchScreen.storyboard */; };
		17A679BA286B8E28007C3E82 /* yourRockTests.swift in Sources */ = {isa = PBXBuildFile; fileRef = 17A679B9286B8E28007C3E82 /* yourRockTests.swift */; };
		17A679C4286B8E28007C3E82 /* yourRockUITests.swift in Sources */ = {isa = PBXBuildFile; fileRef = 17A679C3286B8E28007C3E82 /* yourRockUITests.swift */; };
		17A679C6286B8E28007C3E82 /* yourRockUITestsLaunchTests.swift in Sources */ = {isa = PBXBuildFile; fileRef = 17A679C5286B8E28007C3E82 /* yourRockUITestsLaunchTests.swift */; };
		17A679D3286C0291007C3E82 /* MoodLadderViewController.swift in Sources */ = {isa = PBXBuildFile; fileRef = 17A679D2286C0291007C3E82 /* MoodLadderViewController.swift */; };
		17A679D5286C02C4007C3E82 /* DisplayPromptViewController.swift in Sources */ = {isa = PBXBuildFile; fileRef = 17A679D4286C02C4007C3E82 /* DisplayPromptViewController.swift */; };
		17A679D7286C02ED007C3E82 /* TypeScreenViewController.swift in Sources */ = {isa = PBXBuildFile; fileRef = 17A679D6286C02ED007C3E82 /* TypeScreenViewController.swift */; };
		17A679DB286C04FF007C3E82 /* HelpLinesViewController.swift in Sources */ = {isa = PBXBuildFile; fileRef = 17A679DA286C04FF007C3E82 /* HelpLinesViewController.swift */; };
/* End PBXBuildFile section */

/* Begin PBXContainerItemProxy section */
		17A679B6286B8E28007C3E82 /* PBXContainerItemProxy */ = {
			isa = PBXContainerItemProxy;
			containerPortal = 17A67994286B8E22007C3E82 /* Project object */;
			proxyType = 1;
			remoteGlobalIDString = 17A6799B286B8E22007C3E82;
			remoteInfo = yourRock;
		};
		17A679C0286B8E28007C3E82 /* PBXContainerItemProxy */ = {
			isa = PBXContainerItemProxy;
			containerPortal = 17A67994286B8E22007C3E82 /* Project object */;
			proxyType = 1;
			remoteGlobalIDString = 17A6799B286B8E22007C3E82;
			remoteInfo = yourRock;
		};
/* End PBXContainerItemProxy section */

/* Begin PBXFileReference section */
		07630ED9286CCEA5003FEE31 /* PromptTableViewController.swift */ = {isa = PBXFileReference; lastKnownFileType = sourcecode.swift; path = PromptTableViewController.swift; sourceTree = "<group>"; };
		17A6799C286B8E22007C3E82 /* yourRock.app */ = {isa = PBXFileReference; explicitFileType = wrapper.application; includeInIndex = 0; path = yourRock.app; sourceTree = BUILT_PRODUCTS_DIR; };
		17A6799F286B8E22007C3E82 /* AppDelegate.swift */ = {isa = PBXFileReference; lastKnownFileType = sourcecode.swift; path = AppDelegate.swift; sourceTree = "<group>"; };
		17A679A1286B8E22007C3E82 /* SceneDelegate.swift */ = {isa = PBXFileReference; lastKnownFileType = sourcecode.swift; path = SceneDelegate.swift; sourceTree = "<group>"; };
		17A679A3286B8E22007C3E82 /* ViewController.swift */ = {isa = PBXFileReference; lastKnownFileType = sourcecode.swift; path = ViewController.swift; sourceTree = "<group>"; };
		17A679A6286B8E22007C3E82 /* Base */ = {isa = PBXFileReference; lastKnownFileType = file.storyboard; name = Base; path = Base.lproj/Main.storyboard; sourceTree = "<group>"; };
		17A679A9286B8E22007C3E82 /* yourRock.xcdatamodel */ = {isa = PBXFileReference; lastKnownFileType = wrapper.xcdatamodel; path = yourRock.xcdatamodel; sourceTree = "<group>"; };
		17A679AB286B8E28007C3E82 /* Assets.xcassets */ = {isa = PBXFileReference; lastKnownFileType = folder.assetcatalog; path = Assets.xcassets; sourceTree = "<group>"; };
		17A679AE286B8E28007C3E82 /* Base */ = {isa = PBXFileReference; lastKnownFileType = file.storyboard; name = Base; path = Base.lproj/LaunchScreen.storyboard; sourceTree = "<group>"; };
		17A679B0286B8E28007C3E82 /* Info.plist */ = {isa = PBXFileReference; lastKnownFileType = text.plist.xml; path = Info.plist; sourceTree = "<group>"; };
		17A679B5286B8E28007C3E82 /* yourRockTests.xctest */ = {isa = PBXFileReference; explicitFileType = wrapper.cfbundle; includeInIndex = 0; path = yourRockTests.xctest; sourceTree = BUILT_PRODUCTS_DIR; };
		17A679B9286B8E28007C3E82 /* yourRockTests.swift */ = {isa = PBXFileReference; lastKnownFileType = sourcecode.swift; path = yourRockTests.swift; sourceTree = "<group>"; };
		17A679BF286B8E28007C3E82 /* yourRockUITests.xctest */ = {isa = PBXFileReference; explicitFileType = wrapper.cfbundle; includeInIndex = 0; path = yourRockUITests.xctest; sourceTree = BUILT_PRODUCTS_DIR; };
		17A679C3286B8E28007C3E82 /* yourRockUITests.swift */ = {isa = PBXFileReference; lastKnownFileType = sourcecode.swift; path = yourRockUITests.swift; sourceTree = "<group>"; };
		17A679C5286B8E28007C3E82 /* yourRockUITestsLaunchTests.swift */ = {isa = PBXFileReference; lastKnownFileType = sourcecode.swift; path = yourRockUITestsLaunchTests.swift; sourceTree = "<group>"; };
		17A679D2286C0291007C3E82 /* MoodLadderViewController.swift */ = {isa = PBXFileReference; lastKnownFileType = sourcecode.swift; path = MoodLadderViewController.swift; sourceTree = "<group>"; };
		17A679D4286C02C4007C3E82 /* DisplayPromptViewController.swift */ = {isa = PBXFileReference; lastKnownFileType = sourcecode.swift; path = DisplayPromptViewController.swift; sourceTree = "<group>"; };
		17A679D6286C02ED007C3E82 /* TypeScreenViewController.swift */ = {isa = PBXFileReference; lastKnownFileType = sourcecode.swift; path = TypeScreenViewController.swift; sourceTree = "<group>"; };
		17A679D9286C04C2007C3E82 /* en */ = {isa = PBXFileReference; lastKnownFileType = text.plist.strings; name = en; path = en.lproj/Main.strings; sourceTree = "<group>"; };
		17A679DA286C04FF007C3E82 /* HelpLinesViewController.swift */ = {isa = PBXFileReference; lastKnownFileType = sourcecode.swift; path = HelpLinesViewController.swift; sourceTree = "<group>"; };
/* End PBXFileReference section */

/* Begin PBXFrameworksBuildPhase section */
		17A67999286B8E22007C3E82 /* Frameworks */ = {
			isa = PBXFrameworksBuildPhase;
			buildActionMask = 2147483647;
			files = (
			);
			runOnlyForDeploymentPostprocessing = 0;
		};
		17A679B2286B8E28007C3E82 /* Frameworks */ = {
			isa = PBXFrameworksBuildPhase;
			buildActionMask = 2147483647;
			files = (
			);
			runOnlyForDeploymentPostprocessing = 0;
		};
		17A679BC286B8E28007C3E82 /* Frameworks */ = {
			isa = PBXFrameworksBuildPhase;
			buildActionMask = 2147483647;
			files = (
			);
			runOnlyForDeploymentPostprocessing = 0;
		};
/* End PBXFrameworksBuildPhase section */

/* Begin PBXGroup section */
		17A67993286B8E22007C3E82 = {
			isa = PBXGroup;
			children = (
				17A6799E286B8E22007C3E82 /* yourRock */,
				17A679B8286B8E28007C3E82 /* yourRockTests */,
				17A679C2286B8E28007C3E82 /* yourRockUITests */,
				17A6799D286B8E22007C3E82 /* Products */,
			);
			sourceTree = "<group>";
		};
		17A6799D286B8E22007C3E82 /* Products */ = {
			isa = PBXGroup;
			children = (
				17A6799C286B8E22007C3E82 /* yourRock.app */,
				17A679B5286B8E28007C3E82 /* yourRockTests.xctest */,
				17A679BF286B8E28007C3E82 /* yourRockUITests.xctest */,
			);
			name = Products;
			sourceTree = "<group>";
		};
		17A6799E286B8E22007C3E82 /* yourRock */ = {
			isa = PBXGroup;
			children = (
				17A6799F286B8E22007C3E82 /* AppDelegate.swift */,
				17A679A1286B8E22007C3E82 /* SceneDelegate.swift */,
				17A679A3286B8E22007C3E82 /* ViewController.swift */,
				17A679A5286B8E22007C3E82 /* Main.storyboard */,
				07630ED9286CCEA5003FEE31 /* PromptTableViewController.swift */,
				17A679D6286C02ED007C3E82 /* TypeScreenViewController.swift */,
				17A679DA286C04FF007C3E82 /* HelpLinesViewController.swift */,
				17A679D2286C0291007C3E82 /* MoodLadderViewController.swift */,
				17A679D4286C02C4007C3E82 /* DisplayPromptViewController.swift */,
				17A679AB286B8E28007C3E82 /* Assets.xcassets */,
				17A679AD286B8E28007C3E82 /* LaunchScreen.storyboard */,
				17A679B0286B8E28007C3E82 /* Info.plist */,
				17A679A8286B8E22007C3E82 /* yourRock.xcdatamodeld */,
			);
			path = yourRock;
			sourceTree = "<group>";
		};
		17A679B8286B8E28007C3E82 /* yourRockTests */ = {
			isa = PBXGroup;
			children = (
				17A679B9286B8E28007C3E82 /* yourRockTests.swift */,
			);
			path = yourRockTests;
			sourceTree = "<group>";
		};
		17A679C2286B8E28007C3E82 /* yourRockUITests */ = {
			isa = PBXGroup;
			children = (
				17A679C3286B8E28007C3E82 /* yourRockUITests.swift */,
				17A679C5286B8E28007C3E82 /* yourRockUITestsLaunchTests.swift */,
			);
			path = yourRockUITests;
			sourceTree = "<group>";
		};
/* End PBXGroup section */

/* Begin PBXNativeTarget section */
		17A6799B286B8E22007C3E82 /* yourRock */ = {
			isa = PBXNativeTarget;
			buildConfigurationList = 17A679C9286B8E28007C3E82 /* Build configuration list for PBXNativeTarget "yourRock" */;
			buildPhases = (
				17A67998286B8E22007C3E82 /* Sources */,
				17A67999286B8E22007C3E82 /* Frameworks */,
				17A6799A286B8E22007C3E82 /* Resources */,
			);
			buildRules = (
			);
			dependencies = (
			);
			name = yourRock;
			productName = yourRock;
			productReference = 17A6799C286B8E22007C3E82 /* yourRock.app */;
			productType = "com.apple.product-type.application";
		};
		17A679B4286B8E28007C3E82 /* yourRockTests */ = {
			isa = PBXNativeTarget;
			buildConfigurationList = 17A679CC286B8E28007C3E82 /* Build configuration list for PBXNativeTarget "yourRockTests" */;
			buildPhases = (
				17A679B1286B8E28007C3E82 /* Sources */,
				17A679B2286B8E28007C3E82 /* Frameworks */,
				17A679B3286B8E28007C3E82 /* Resources */,
			);
			buildRules = (
			);
			dependencies = (
				17A679B7286B8E28007C3E82 /* PBXTargetDependency */,
			);
			name = yourRockTests;
			productName = yourRockTests;
			productReference = 17A679B5286B8E28007C3E82 /* yourRockTests.xctest */;
			productType = "com.apple.product-type.bundle.unit-test";
		};
		17A679BE286B8E28007C3E82 /* yourRockUITests */ = {
			isa = PBXNativeTarget;
			buildConfigurationList = 17A679CF286B8E28007C3E82 /* Build configuration list for PBXNativeTarget "yourRockUITests" */;
			buildPhases = (
				17A679BB286B8E28007C3E82 /* Sources */,
				17A679BC286B8E28007C3E82 /* Frameworks */,
				17A679BD286B8E28007C3E82 /* Resources */,
			);
			buildRules = (
			);
			dependencies = (
				17A679C1286B8E28007C3E82 /* PBXTargetDependency */,
			);
			name = yourRockUITests;
			productName = yourRockUITests;
			productReference = 17A679BF286B8E28007C3E82 /* yourRockUITests.xctest */;
			productType = "com.apple.product-type.bundle.ui-testing";
		};
/* End PBXNativeTarget section */

/* Begin PBXProject section */
		17A67994286B8E22007C3E82 /* Project object */ = {
			isa = PBXProject;
			attributes = {
				BuildIndependentTargetsInParallel = 1;
				LastSwiftUpdateCheck = 1340;
				LastUpgradeCheck = 1340;
				TargetAttributes = {
					17A6799B286B8E22007C3E82 = {
						CreatedOnToolsVersion = 13.4.1;
					};
					17A679B4286B8E28007C3E82 = {
						CreatedOnToolsVersion = 13.4.1;
						TestTargetID = 17A6799B286B8E22007C3E82;
					};
					17A679BE286B8E28007C3E82 = {
						CreatedOnToolsVersion = 13.4.1;
						TestTargetID = 17A6799B286B8E22007C3E82;
					};
				};
			};
			buildConfigurationList = 17A67997286B8E22007C3E82 /* Build configuration list for PBXProject "yourRock" */;
			compatibilityVersion = "Xcode 13.0";
			developmentRegion = en;
			hasScannedForEncodings = 0;
			knownRegions = (
				en,
				Base,
			);
			mainGroup = 17A67993286B8E22007C3E82;
			productRefGroup = 17A6799D286B8E22007C3E82 /* Products */;
			projectDirPath = "";
			projectRoot = "";
			targets = (
				17A6799B286B8E22007C3E82 /* yourRock */,
				17A679B4286B8E28007C3E82 /* yourRockTests */,
				17A679BE286B8E28007C3E82 /* yourRockUITests */,
			);
		};
/* End PBXProject section */

/* Begin PBXResourcesBuildPhase section */
		17A6799A286B8E22007C3E82 /* Resources */ = {
			isa = PBXResourcesBuildPhase;
			buildActionMask = 2147483647;
			files = (
				17A679AF286B8E28007C3E82 /* LaunchScreen.storyboard in Resources */,
				17A679AC286B8E28007C3E82 /* Assets.xcassets in Resources */,
				17A679A7286B8E22007C3E82 /* Main.storyboard in Resources */,
			);
			runOnlyForDeploymentPostprocessing = 0;
		};
		17A679B3286B8E28007C3E82 /* Resources */ = {
			isa = PBXResourcesBuildPhase;
			buildActionMask = 2147483647;
			files = (
			);
			runOnlyForDeploymentPostprocessing = 0;
		};
		17A679BD286B8E28007C3E82 /* Resources */ = {
			isa = PBXResourcesBuildPhase;
			buildActionMask = 2147483647;
			files = (
			);
			runOnlyForDeploymentPostprocessing = 0;
		};
/* End PBXResourcesBuildPhase section */

/* Begin PBXSourcesBuildPhase section */
		17A67998286B8E22007C3E82 /* Sources */ = {
			isa = PBXSourcesBuildPhase;
			buildActionMask = 2147483647;
			files = (
				17A679A4286B8E22007C3E82 /* ViewController.swift in Sources */,
				17A679D7286C02ED007C3E82 /* TypeScreenViewController.swift in Sources */,
				17A679A0286B8E22007C3E82 /* AppDelegate.swift in Sources */,
				17A679DB286C04FF007C3E82 /* HelpLinesViewController.swift in Sources */,
				17A679A2286B8E22007C3E82 /* SceneDelegate.swift in Sources */,
				17A679D5286C02C4007C3E82 /* DisplayPromptViewController.swift in Sources */,
				17A679AA286B8E22007C3E82 /* yourRock.xcdatamodeld in Sources */,
				17A679D3286C0291007C3E82 /* MoodLadderViewController.swift in Sources */,
				07630EDA286CCEA5003FEE31 /* PromptTableViewController.swift in Sources */,
			);
			runOnlyForDeploymentPostprocessing = 0;
		};
		17A679B1286B8E28007C3E82 /* Sources */ = {
			isa = PBXSourcesBuildPhase;
			buildActionMask = 2147483647;
			files = (
				17A679BA286B8E28007C3E82 /* yourRockTests.swift in Sources */,
			);
			runOnlyForDeploymentPostprocessing = 0;
		};
		17A679BB286B8E28007C3E82 /* Sources */ = {
			isa = PBXSourcesBuildPhase;
			buildActionMask = 2147483647;
			files = (
				17A679C6286B8E28007C3E82 /* yourRockUITestsLaunchTests.swift in Sources */,
				17A679C4286B8E28007C3E82 /* yourRockUITests.swift in Sources */,
			);
			runOnlyForDeploymentPostprocessing = 0;
		};
/* End PBXSourcesBuildPhase section */

/* Begin PBXTargetDependency section */
		17A679B7286B8E28007C3E82 /* PBXTargetDependency */ = {
			isa = PBXTargetDependency;
			target = 17A6799B286B8E22007C3E82 /* yourRock */;
			targetProxy = 17A679B6286B8E28007C3E82 /* PBXContainerItemProxy */;
		};
		17A679C1286B8E28007C3E82 /* PBXTargetDependency */ = {
			isa = PBXTargetDependency;
			target = 17A6799B286B8E22007C3E82 /* yourRock */;
			targetProxy = 17A679C0286B8E28007C3E82 /* PBXContainerItemProxy */;
		};
/* End PBXTargetDependency section */

/* Begin PBXVariantGroup section */
		17A679A5286B8E22007C3E82 /* Main.storyboard */ = {
			isa = PBXVariantGroup;
			children = (
				17A679A6286B8E22007C3E82 /* Base */,
				17A679D9286C04C2007C3E82 /* en */,
			);
			name = Main.storyboard;
			sourceTree = "<group>";
		};
		17A679AD286B8E28007C3E82 /* LaunchScreen.storyboard */ = {
			isa = PBXVariantGroup;
			children = (
				17A679AE286B8E28007C3E82 /* Base */,
			);
			name = LaunchScreen.storyboard;
			sourceTree = "<group>";
		};
/* End PBXVariantGroup section */

/* Begin XCBuildConfiguration section */
		17A679C7286B8E28007C3E82 /* Debug */ = {
			isa = XCBuildConfiguration;
			buildSettings = {
				ALWAYS_SEARCH_USER_PATHS = NO;
				CLANG_ANALYZER_NONNULL = YES;
				CLANG_ANALYZER_NUMBER_OBJECT_CONVERSION = YES_AGGRESSIVE;
				CLANG_CXX_LANGUAGE_STANDARD = "gnu++17";
				CLANG_ENABLE_MODULES = YES;
				CLANG_ENABLE_OBJC_ARC = YES;
				CLANG_ENABLE_OBJC_WEAK = YES;
				CLANG_WARN_BLOCK_CAPTURE_AUTORELEASING = YES;
				CLANG_WARN_BOOL_CONVERSION = YES;
				CLANG_WARN_COMMA = YES;
				CLANG_WARN_CONSTANT_CONVERSION = YES;
				CLANG_WARN_DEPRECATED_OBJC_IMPLEMENTATIONS = YES;
				CLANG_WARN_DIRECT_OBJC_ISA_USAGE = YES_ERROR;
				CLANG_WARN_DOCUMENTATION_COMMENTS = YES;
				CLANG_WARN_EMPTY_BODY = YES;
				CLANG_WARN_ENUM_CONVERSION = YES;
				CLANG_WARN_INFINITE_RECURSION = YES;
				CLANG_WARN_INT_CONVERSION = YES;
				CLANG_WARN_NON_LITERAL_NULL_CONVERSION = YES;
				CLANG_WARN_OBJC_IMPLICIT_RETAIN_SELF = YES;
				CLANG_WARN_OBJC_LITERAL_CONVERSION = YES;
				CLANG_WARN_OBJC_ROOT_CLASS = YES_ERROR;
				CLANG_WARN_QUOTED_INCLUDE_IN_FRAMEWORK_HEADER = YES;
				CLANG_WARN_RANGE_LOOP_ANALYSIS = YES;
				CLANG_WARN_STRICT_PROTOTYPES = YES;
				CLANG_WARN_SUSPICIOUS_MOVE = YES;
				CLANG_WARN_UNGUARDED_AVAILABILITY = YES_AGGRESSIVE;
				CLANG_WARN_UNREACHABLE_CODE = YES;
				CLANG_WARN__DUPLICATE_METHOD_MATCH = YES;
				COPY_PHASE_STRIP = NO;
				DEBUG_INFORMATION_FORMAT = dwarf;
				ENABLE_STRICT_OBJC_MSGSEND = YES;
				ENABLE_TESTABILITY = YES;
				GCC_C_LANGUAGE_STANDARD = gnu11;
				GCC_DYNAMIC_NO_PIC = NO;
				GCC_NO_COMMON_BLOCKS = YES;
				GCC_OPTIMIZATION_LEVEL = 0;
				GCC_PREPROCESSOR_DEFINITIONS = (
					"DEBUG=1",
					"$(inherited)",
				);
				GCC_WARN_64_TO_32_BIT_CONVERSION = YES;
				GCC_WARN_ABOUT_RETURN_TYPE = YES_ERROR;
				GCC_WARN_UNDECLARED_SELECTOR = YES;
				GCC_WARN_UNINITIALIZED_AUTOS = YES_AGGRESSIVE;
				GCC_WARN_UNUSED_FUNCTION = YES;
				GCC_WARN_UNUSED_VARIABLE = YES;
				IPHONEOS_DEPLOYMENT_TARGET = 15.5;
				MTL_ENABLE_DEBUG_INFO = INCLUDE_SOURCE;
				MTL_FAST_MATH = YES;
				ONLY_ACTIVE_ARCH = YES;
				SDKROOT = iphoneos;
				SWIFT_ACTIVE_COMPILATION_CONDITIONS = DEBUG;
				SWIFT_OPTIMIZATION_LEVEL = "-Onone";
			};
			name = Debug;
		};
		17A679C8286B8E28007C3E82 /* Release */ = {
			isa = XCBuildConfiguration;
			buildSettings = {
				ALWAYS_SEARCH_USER_PATHS = NO;
				CLANG_ANALYZER_NONNULL = YES;
				CLANG_ANALYZER_NUMBER_OBJECT_CONVERSION = YES_AGGRESSIVE;
				CLANG_CXX_LANGUAGE_STANDARD = "gnu++17";
				CLANG_ENABLE_MODULES = YES;
				CLANG_ENABLE_OBJC_ARC = YES;
				CLANG_ENABLE_OBJC_WEAK = YES;
				CLANG_WARN_BLOCK_CAPTURE_AUTORELEASING = YES;
				CLANG_WARN_BOOL_CONVERSION = YES;
				CLANG_WARN_COMMA = YES;
				CLANG_WARN_CONSTANT_CONVERSION = YES;
				CLANG_WARN_DEPRECATED_OBJC_IMPLEMENTATIONS = YES;
				CLANG_WARN_DIRECT_OBJC_ISA_USAGE = YES_ERROR;
				CLANG_WARN_DOCUMENTATION_COMMENTS = YES;
				CLANG_WARN_EMPTY_BODY = YES;
				CLANG_WARN_ENUM_CONVERSION = YES;
				CLANG_WARN_INFINITE_RECURSION = YES;
				CLANG_WARN_INT_CONVERSION = YES;
				CLANG_WARN_NON_LITERAL_NULL_CONVERSION = YES;
				CLANG_WARN_OBJC_IMPLICIT_RETAIN_SELF = YES;
				CLANG_WARN_OBJC_LITERAL_CONVERSION = YES;
				CLANG_WARN_OBJC_ROOT_CLASS = YES_ERROR;
				CLANG_WARN_QUOTED_INCLUDE_IN_FRAMEWORK_HEADER = YES;
				CLANG_WARN_RANGE_LOOP_ANALYSIS = YES;
				CLANG_WARN_STRICT_PROTOTYPES = YES;
				CLANG_WARN_SUSPICIOUS_MOVE = YES;
				CLANG_WARN_UNGUARDED_AVAILABILITY = YES_AGGRESSIVE;
				CLANG_WARN_UNREACHABLE_CODE = YES;
				CLANG_WARN__DUPLICATE_METHOD_MATCH = YES;
				COPY_PHASE_STRIP = NO;
				DEBUG_INFORMATION_FORMAT = "dwarf-with-dsym";
				ENABLE_NS_ASSERTIONS = NO;
				ENABLE_STRICT_OBJC_MSGSEND = YES;
				GCC_C_LANGUAGE_STANDARD = gnu11;
				GCC_NO_COMMON_BLOCKS = YES;
				GCC_WARN_64_TO_32_BIT_CONVERSION = YES;
				GCC_WARN_ABOUT_RETURN_TYPE = YES_ERROR;
				GCC_WARN_UNDECLARED_SELECTOR = YES;
				GCC_WARN_UNINITIALIZED_AUTOS = YES_AGGRESSIVE;
				GCC_WARN_UNUSED_FUNCTION = YES;
				GCC_WARN_UNUSED_VARIABLE = YES;
				IPHONEOS_DEPLOYMENT_TARGET = 15.5;
				MTL_ENABLE_DEBUG_INFO = NO;
				MTL_FAST_MATH = YES;
				SDKROOT = iphoneos;
				SWIFT_COMPILATION_MODE = wholemodule;
				SWIFT_OPTIMIZATION_LEVEL = "-O";
				VALIDATE_PRODUCT = YES;
			};
			name = Release;
		};
		17A679CA286B8E28007C3E82 /* Debug */ = {
			isa = XCBuildConfiguration;
			buildSettings = {
				ASSETCATALOG_COMPILER_APPICON_NAME = AppIcon;
				ASSETCATALOG_COMPILER_GLOBAL_ACCENT_COLOR_NAME = AccentColor;
				CODE_SIGN_STYLE = Automatic;
				CURRENT_PROJECT_VERSION = 1;
				GENERATE_INFOPLIST_FILE = YES;
				INFOPLIST_FILE = yourRock/Info.plist;
				INFOPLIST_KEY_UIApplicationSupportsIndirectInputEvents = YES;
				INFOPLIST_KEY_UILaunchStoryboardName = LaunchScreen;
				INFOPLIST_KEY_UIMainStoryboardFile = Main;
				INFOPLIST_KEY_UISupportedInterfaceOrientations_iPad = "UIInterfaceOrientationPortrait UIInterfaceOrientationPortraitUpsideDown UIInterfaceOrientationLandscapeLeft UIInterfaceOrientationLandscapeRight";
				INFOPLIST_KEY_UISupportedInterfaceOrientations_iPhone = "UIInterfaceOrientationPortrait UIInterfaceOrientationLandscapeLeft UIInterfaceOrientationLandscapeRight";
				LD_RUNPATH_SEARCH_PATHS = (
					"$(inherited)",
					"@executable_path/Frameworks",
				);
				MARKETING_VERSION = 1.0;
				PRODUCT_BUNDLE_IDENTIFIER = kwk.yourRock;
				PRODUCT_NAME = "$(TARGET_NAME)";
				SWIFT_EMIT_LOC_STRINGS = YES;
				SWIFT_VERSION = 5.0;
				TARGETED_DEVICE_FAMILY = "1,2";
			};
			name = Debug;
		};
		17A679CB286B8E28007C3E82 /* Release */ = {
			isa = XCBuildConfiguration;
			buildSettings = {
				ASSETCATALOG_COMPILER_APPICON_NAME = AppIcon;
				ASSETCATALOG_COMPILER_GLOBAL_ACCENT_COLOR_NAME = AccentColor;
				CODE_SIGN_STYLE = Automatic;
				CURRENT_PROJECT_VERSION = 1;
				GENERATE_INFOPLIST_FILE = YES;
				INFOPLIST_FILE = yourRock/Info.plist;
				INFOPLIST_KEY_UIApplicationSupportsIndirectInputEvents = YES;
				INFOPLIST_KEY_UILaunchStoryboardName = LaunchScreen;
				INFOPLIST_KEY_UIMainStoryboardFile = Main;
				INFOPLIST_KEY_UISupportedInterfaceOrientations_iPad = "UIInterfaceOrientationPortrait UIInterfaceOrientationPortraitUpsideDown UIInterfaceOrientationLandscapeLeft UIInterfaceOrientationLandscapeRight";
				INFOPLIST_KEY_UISupportedInterfaceOrientations_iPhone = "UIInterfaceOrientationPortrait UIInterfaceOrientationLandscapeLeft UIInterfaceOrientationLandscapeRight";
				LD_RUNPATH_SEARCH_PATHS = (
					"$(inherited)",
					"@executable_path/Frameworks",
				);
				MARKETING_VERSION = 1.0;
				PRODUCT_BUNDLE_IDENTIFIER = kwk.yourRock;
				PRODUCT_NAME = "$(TARGET_NAME)";
				SWIFT_EMIT_LOC_STRINGS = YES;
				SWIFT_VERSION = 5.0;
				TARGETED_DEVICE_FAMILY = "1,2";
			};
			name = Release;
		};
		17A679CD286B8E28007C3E82 /* Debug */ = {
			isa = XCBuildConfiguration;
			buildSettings = {
				ALWAYS_EMBED_SWIFT_STANDARD_LIBRARIES = YES;
				BUNDLE_LOADER = "$(TEST_HOST)";
				CODE_SIGN_STYLE = Automatic;
				CURRENT_PROJECT_VERSION = 1;
				GENERATE_INFOPLIST_FILE = YES;
				IPHONEOS_DEPLOYMENT_TARGET = 15.5;
				MARKETING_VERSION = 1.0;
				PRODUCT_BUNDLE_IDENTIFIER = kwk.yourRockTests;
				PRODUCT_NAME = "$(TARGET_NAME)";
				SWIFT_EMIT_LOC_STRINGS = NO;
				SWIFT_VERSION = 5.0;
				TARGETED_DEVICE_FAMILY = "1,2";
				TEST_HOST = "$(BUILT_PRODUCTS_DIR)/yourRock.app/yourRock";
			};
			name = Debug;
		};
		17A679CE286B8E28007C3E82 /* Release */ = {
			isa = XCBuildConfiguration;
			buildSettings = {
				ALWAYS_EMBED_SWIFT_STANDARD_LIBRARIES = YES;
				BUNDLE_LOADER = "$(TEST_HOST)";
				CODE_SIGN_STYLE = Automatic;
				CURRENT_PROJECT_VERSION = 1;
				GENERATE_INFOPLIST_FILE = YES;
				IPHONEOS_DEPLOYMENT_TARGET = 15.5;
				MARKETING_VERSION = 1.0;
				PRODUCT_BUNDLE_IDENTIFIER = kwk.yourRockTests;
				PRODUCT_NAME = "$(TARGET_NAME)";
				SWIFT_EMIT_LOC_STRINGS = NO;
				SWIFT_VERSION = 5.0;
				TARGETED_DEVICE_FAMILY = "1,2";
				TEST_HOST = "$(BUILT_PRODUCTS_DIR)/yourRock.app/yourRock";
			};
			name = Release;
		};
		17A679D0286B8E28007C3E82 /* Debug */ = {
			isa = XCBuildConfiguration;
			buildSettings = {
				ALWAYS_EMBED_SWIFT_STANDARD_LIBRARIES = YES;
				CODE_SIGN_STYLE = Automatic;
				CURRENT_PROJECT_VERSION = 1;
				GENERATE_INFOPLIST_FILE = YES;
				MARKETING_VERSION = 1.0;
				PRODUCT_BUNDLE_IDENTIFIER = kwk.yourRockUITests;
				PRODUCT_NAME = "$(TARGET_NAME)";
				SWIFT_EMIT_LOC_STRINGS = NO;
				SWIFT_VERSION = 5.0;
				TARGETED_DEVICE_FAMILY = "1,2";
				TEST_TARGET_NAME = yourRock;
			};
			name = Debug;
		};
		17A679D1286B8E28007C3E82 /* Release */ = {
			isa = XCBuildConfiguration;
			buildSettings = {
				ALWAYS_EMBED_SWIFT_STANDARD_LIBRARIES = YES;
				CODE_SIGN_STYLE = Automatic;
				CURRENT_PROJECT_VERSION = 1;
				GENERATE_INFOPLIST_FILE = YES;
				MARKETING_VERSION = 1.0;
				PRODUCT_BUNDLE_IDENTIFIER = kwk.yourRockUITests;
				PRODUCT_NAME = "$(TARGET_NAME)";
				SWIFT_EMIT_LOC_STRINGS = NO;
				SWIFT_VERSION = 5.0;
				TARGETED_DEVICE_FAMILY = "1,2";
				TEST_TARGET_NAME = yourRock;
			};
			name = Release;
		};
/* End XCBuildConfiguration section */

/* Begin XCConfigurationList section */
		17A67997286B8E22007C3E82 /* Build configuration list for PBXProject "yourRock" */ = {
			isa = XCConfigurationList;
			buildConfigurations = (
				17A679C7286B8E28007C3E82 /* Debug */,
				17A679C8286B8E28007C3E82 /* Release */,
			);
			defaultConfigurationIsVisible = 0;
			defaultConfigurationName = Release;
		};
		17A679C9286B8E28007C3E82 /* Build configuration list for PBXNativeTarget "yourRock" */ = {
			isa = XCConfigurationList;
			buildConfigurations = (
				17A679CA286B8E28007C3E82 /* Debug */,
				17A679CB286B8E28007C3E82 /* Release */,
			);
			defaultConfigurationIsVisible = 0;
			defaultConfigurationName = Release;
		};
		17A679CC286B8E28007C3E82 /* Build configuration list for PBXNativeTarget "yourRockTests" */ = {
			isa = XCConfigurationList;
			buildConfigurations = (
				17A679CD286B8E28007C3E82 /* Debug */,
				17A679CE286B8E28007C3E82 /* Release */,
			);
			defaultConfigurationIsVisible = 0;
			defaultConfigurationName = Release;
		};
		17A679CF286B8E28007C3E82 /* Build configuration list for PBXNativeTarget "yourRockUITests" */ = {
			isa = XCConfigurationList;
			buildConfigurations = (
				17A679D0286B8E28007C3E82 /* Debug */,
				17A679D1286B8E28007C3E82 /* Release */,
			);
			defaultConfigurationIsVisible = 0;
			defaultConfigurationName = Release;
		};
/* End XCConfigurationList section */

/* Begin XCVersionGroup section */
		17A679A8286B8E22007C3E82 /* yourRock.xcdatamodeld */ = {
			isa = XCVersionGroup;
			children = (
				17A679A9286B8E22007C3E82 /* yourRock.xcdatamodel */,
			);
			currentVersion = 17A679A9286B8E22007C3E82 /* yourRock.xcdatamodel */;
			path = yourRock.xcdatamodeld;
			sourceTree = "<group>";
			versionGroupType = wrapper.xcdatamodel;
		};
/* End XCVersionGroup section */
	};
	rootObject = 17A67994286B8E22007C3E82 /* Project object */;
}
